
Microsoft Visual Studio Solution File, Format Version 12.00
# Visual Studio 15
VisualStudioVersion = 15.0.28307.705
MinimumVisualStudioVersion = 10.0.40219.1
Project("{FAE04EC0-301F-11D3-BF4B-00C04F79EFBC}") = "MVCmyPatisserie", "MVCmyPatisserie\MVCmyPatisserie.csproj", "{EE23164E-4B4F-4085-9BCB-24BAA9897426}"
EndProject
Project("{FAE04EC0-301F-11D3-BF4B-00C04F79EFBC}") = "DataAccessLayer", "DataAccessLayer\DataAccessLayer.csproj", "{A62F1D28-0CFB-4D92-9A55-378B79E96322}"
EndProject
Global
	GlobalSection(SolutionConfigurationPlatforms) = preSolution
		Debug|Any CPU = Debug|Any CPU
		Release|Any CPU = Release|Any CPU
	EndGlobalSection
	GlobalSection(ProjectConfigurationPlatforms) = postSolution
		{EE23164E-4B4F-4085-9BCB-24BAA9897426}.Debug|Any CPU.ActiveCfg = Debug|Any CPU
		{EE23164E-4B4F-4085-9BCB-24BAA9897426}.Debug|Any CPU.Build.0 = Debug|Any CPU
		{EE23164E-4B4F-4085-9BCB-24BAA9897426}.Release|Any CPU.ActiveCfg = Release|Any CPU
		{EE23164E-4B4F-4085-9BCB-24BAA9897426}.Release|Any CPU.Build.0 = Release|Any CPU
		{A62F1D28-0CFB-4D92-9A55-378B79E96322}.Debug|Any CPU.ActiveCfg = Debug|Any CPU
		{A62F1D28-0CFB-4D92-9A55-378B79E96322}.Debug|Any CPU.Build.0 = Debug|Any CPU
		{A62F1D28-0CFB-4D92-9A55-378B79E96322}.Release|Any CPU.ActiveCfg = Release|Any CPU
		{A62F1D28-0CFB-4D92-9A55-378B79E96322}.Release|Any CPU.Build.0 = Release|Any CPU
	EndGlobalSection
	GlobalSection(SolutionProperties) = preSolution
		HideSolutionNode = FALSE
	EndGlobalSection
	GlobalSection(ExtensibilityGlobals) = postSolution
		SolutionGuid = {7C049009-31A2-41AB-B85F-887712BD5AE7}
	EndGlobalSection
EndGlobal
